
Microsoft Visual Studio Solution File, Format Version 12.00
# Visual Studio 15
VisualStudioVersion = 15.0.28307.168
MinimumVisualStudioVersion = 10.0.40219.1
Project("{FAE04EC0-301F-11D3-BF4B-00C04F79EFBC}") = "Listrr", "Listrr\Listrr.csproj", "{258668A6-1EE5-4F2F-8BED-72539D7E85E4}"
EndProject
Global
	GlobalSection(SolutionConfigurationPlatforms) = preSolution
		Debug|Any CPU = Debug|Any CPU
		Release|Any CPU = Release|Any CPU
	EndGlobalSection
	GlobalSection(ProjectConfigurationPlatforms) = postSolution
		{258668A6-1EE5-4F2F-8BED-72539D7E85E4}.Debug|Any CPU.ActiveCfg = Debug|Any CPU
		{258668A6-1EE5-4F2F-8BED-72539D7E85E4}.Debug|Any CPU.Build.0 = Debug|Any CPU
		{258668A6-1EE5-4F2F-8BED-72539D7E85E4}.Release|Any CPU.ActiveCfg = Release|Any CPU
		{258668A6-1EE5-4F2F-8BED-72539D7E85E4}.Release|Any CPU.Build.0 = Release|Any CPU
	EndGlobalSection
	GlobalSection(SolutionProperties) = preSolution
		HideSolutionNode = FALSE
	EndGlobalSection
	GlobalSection(ExtensibilityGlobals) = postSolution
		SolutionGuid = {3615752E-8839-40CA-962B-548CCD2A4AD2}
	EndGlobalSection
EndGlobal
