
Microsoft Visual Studio Solution File, Format Version 12.00
# Visual Studio Version 16
VisualStudioVersion = 16.0.29613.14
MinimumVisualStudioVersion = 10.0.40219.1
Project("{9A19103F-16F7-4668-BE54-9A1E7A4F7556}") = "Listrr", "Listrr\Listrr.csproj", "{B19F348F-E41B-460C-8514-D50B34226B96}"
EndProject
Global
	GlobalSection(SolutionConfigurationPlatforms) = preSolution
		Debug|Any CPU = Debug|Any CPU
		Release|Any CPU = Release|Any CPU
	EndGlobalSection
	GlobalSection(ProjectConfigurationPlatforms) = postSolution
		{B19F348F-E41B-460C-8514-D50B34226B96}.Debug|Any CPU.ActiveCfg = Debug|Any CPU
		{B19F348F-E41B-460C-8514-D50B34226B96}.Debug|Any CPU.Build.0 = Debug|Any CPU
		{B19F348F-E41B-460C-8514-D50B34226B96}.Release|Any CPU.ActiveCfg = Release|Any CPU
		{B19F348F-E41B-460C-8514-D50B34226B96}.Release|Any CPU.Build.0 = Release|Any CPU
	EndGlobalSection
	GlobalSection(SolutionProperties) = preSolution
		HideSolutionNode = FALSE
	EndGlobalSection
	GlobalSection(ExtensibilityGlobals) = postSolution
		SolutionGuid = {3615752E-8839-40CA-962B-548CCD2A4AD2}
	EndGlobalSection
EndGlobal
